{
  "object": {
    "pins": [
      {
        "package": "PerfectMosquitto",
        "repositoryURL": "git@github.com:CSCIX65G/Perfect-Mosquitto.git",
        "state": {
          "branch": null,
          "revision": "f9834c344046ddf5f614dfed98a7f9b06fb25545",
          "version": "3.1.2"
        }
      },
      {
        "package": "swift-log",
        "repositoryURL": "git@github.com:apple/swift-log.git",
        "state": {
          "branch": null,
          "revision": "74d7b91ceebc85daf387ebb206003f78813f71aa",
          "version": "1.2.0"
        }
      },
      {
        "package": "swift-nio",
        "repositoryURL": "git@github.com:apple/swift-nio.git",
        "state": {
          "branch": null,
          "revision": "a27a07719ca785bcaca019a5b9fe1814b981b4a2",
          "version": "2.15.0"
        }
      },
      {
        "package": "SwiftyGPIO",
        "repositoryURL": "git@github.com:uraimo/SwiftyGPIO",
        "state": {
          "branch": "next_release",
          "revision": "039941b53af4e8e3321650bc65aefe1f626d2251",
          "version": null
        }
      }
    ]
  },
  "version": 1
}
